
Microsoft Visual Studio Solution File, Format Version 12.00
# Visual Studio Version 17
VisualStudioVersion = 17.3.32929.385
MinimumVisualStudioVersion = 10.0.40219.1
Project("{FAE04EC0-301F-11D3-BF4B-00C04F79EFBC}") = "IC_Nov22", "IC_Nov22.csproj", "{7BBD5DEC-E8D6-4723-B62D-87F62CA7BA8B}"
EndProject
Global
	GlobalSection(SolutionConfigurationPlatforms) = preSolution
		Debug|Any CPU = Debug|Any CPU
		Release|Any CPU = Release|Any CPU
	EndGlobalSection
	GlobalSection(ProjectConfigurationPlatforms) = postSolution
		{7BBD5DEC-E8D6-4723-B62D-87F62CA7BA8B}.Debug|Any CPU.ActiveCfg = Debug|Any CPU
		{7BBD5DEC-E8D6-4723-B62D-87F62CA7BA8B}.Debug|Any CPU.Build.0 = Debug|Any CPU
		{7BBD5DEC-E8D6-4723-B62D-87F62CA7BA8B}.Release|Any CPU.ActiveCfg = Release|Any CPU
		{7BBD5DEC-E8D6-4723-B62D-87F62CA7BA8B}.Release|Any CPU.Build.0 = Release|Any CPU
	EndGlobalSection
	GlobalSection(SolutionProperties) = preSolution
		HideSolutionNode = FALSE
	EndGlobalSection
	GlobalSection(ExtensibilityGlobals) = postSolution
		SolutionGuid = {91318684-80FE-43E7-AE51-CE086BB3B669}
	EndGlobalSection
EndGlobal
